
Microsoft Visual Studio Solution File, Format Version 12.00
# Visual Studio 15
VisualStudioVersion = 15.0.28307.421
MinimumVisualStudioVersion = 10.0.40219.1
Project("{FAE04EC0-301F-11D3-BF4B-00C04F79EFBC}") = "Memo", "Memo\Memo.csproj", "{15C3D0CC-400A-48E2-A92C-B44929036320}"
EndProject
Project("{FAE04EC0-301F-11D3-BF4B-00C04F79EFBC}") = "Memo.Test", "extension.Test\Memo.Test.csproj", "{B5C9512E-AA2D-449D-9994-C2B7516E5D10}"
EndProject
Project("{FAE04EC0-301F-11D3-BF4B-00C04F79EFBC}") = "memoLibrary", "memoLibrary\memoLibrary.csproj", "{565F17C9-8E20-4E5D-9BB2-29B473AB6A35}"
EndProject
Global
	GlobalSection(SolutionConfigurationPlatforms) = preSolution
		Debug|Any CPU = Debug|Any CPU
		Release|Any CPU = Release|Any CPU
	EndGlobalSection
	GlobalSection(ProjectConfigurationPlatforms) = postSolution
		{15C3D0CC-400A-48E2-A92C-B44929036320}.Debug|Any CPU.ActiveCfg = Debug|Any CPU
		{15C3D0CC-400A-48E2-A92C-B44929036320}.Debug|Any CPU.Build.0 = Debug|Any CPU
		{15C3D0CC-400A-48E2-A92C-B44929036320}.Release|Any CPU.ActiveCfg = Release|Any CPU
		{15C3D0CC-400A-48E2-A92C-B44929036320}.Release|Any CPU.Build.0 = Release|Any CPU
		{B5C9512E-AA2D-449D-9994-C2B7516E5D10}.Debug|Any CPU.ActiveCfg = Debug|Any CPU
		{B5C9512E-AA2D-449D-9994-C2B7516E5D10}.Debug|Any CPU.Build.0 = Debug|Any CPU
		{B5C9512E-AA2D-449D-9994-C2B7516E5D10}.Release|Any CPU.ActiveCfg = Release|Any CPU
		{B5C9512E-AA2D-449D-9994-C2B7516E5D10}.Release|Any CPU.Build.0 = Release|Any CPU
		{565F17C9-8E20-4E5D-9BB2-29B473AB6A35}.Debug|Any CPU.ActiveCfg = Debug|Any CPU
		{565F17C9-8E20-4E5D-9BB2-29B473AB6A35}.Debug|Any CPU.Build.0 = Debug|Any CPU
		{565F17C9-8E20-4E5D-9BB2-29B473AB6A35}.Release|Any CPU.ActiveCfg = Release|Any CPU
		{565F17C9-8E20-4E5D-9BB2-29B473AB6A35}.Release|Any CPU.Build.0 = Release|Any CPU
	EndGlobalSection
	GlobalSection(SolutionProperties) = preSolution
		HideSolutionNode = FALSE
	EndGlobalSection
	GlobalSection(ExtensibilityGlobals) = postSolution
		SolutionGuid = {E96C44A1-5062-43FE-B837-C19888A8F54C}
	EndGlobalSection
EndGlobal
